
Microsoft Visual Studio Solution File, Format Version 12.00
# Visual Studio Version 17
VisualStudioVersion = 17.7.34024.191
MinimumVisualStudioVersion = 10.0.40219.1
Project("{FAE04EC0-301F-11D3-BF4B-00C04F79EFBC}") = "FutureValue", "FutureValue\FutureValue.csproj", "{54C24E78-A506-4A66-B984-A4091DC20E23}"
EndProject
Global
	GlobalSection(SolutionConfigurationPlatforms) = preSolution
		Debug|Any CPU = Debug|Any CPU
		Release|Any CPU = Release|Any CPU
	EndGlobalSection
	GlobalSection(ProjectConfigurationPlatforms) = postSolution
		{54C24E78-A506-4A66-B984-A4091DC20E23}.Debug|Any CPU.ActiveCfg = Debug|Any CPU
		{54C24E78-A506-4A66-B984-A4091DC20E23}.Debug|Any CPU.Build.0 = Debug|Any CPU
		{54C24E78-A506-4A66-B984-A4091DC20E23}.Release|Any CPU.ActiveCfg = Release|Any CPU
		{54C24E78-A506-4A66-B984-A4091DC20E23}.Release|Any CPU.Build.0 = Release|Any CPU
	EndGlobalSection
	GlobalSection(SolutionProperties) = preSolution
		HideSolutionNode = FALSE
	EndGlobalSection
	GlobalSection(ExtensibilityGlobals) = postSolution
		SolutionGuid = {10F94BC9-D64F-40E0-A75A-CCD4F3E203D1}
	EndGlobalSection
EndGlobal
